PODS:
  - AFNetworking (4.0.1):
    - AFNetworking/NSURLSession (= 4.0.1)
    - AFNetworking/Reachability (= 4.0.1)
    - AFNetworking/Security (= 4.0.1)
    - AFNetworking/Serialization (= 4.0.1)
    - AFNetworking/UIKit (= 4.0.1)
  - AFNetworking/NSURLSession (4.0.1):
    - AFNetworking/Reachability
    - AFNetworking/Security
    - AFNetworking/Serialization
  - AFNetworking/Reachability (4.0.1)
  - AFNetworking/Security (4.0.1)
  - AFNetworking/Serialization (4.0.1)
  - AFNetworking/UIKit (4.0.1):
    - AFNetworking/NSURLSession
  - BRNetwork (2.1.0):
    - AFNetworking
    - YYCache_BR
  - YTKNetwork (3.0.6):
    - AFNetworking/NSURLSession (~> 4.0)
  - YYCache_BR (1.0.6)

DEPENDENCIES:
  - BRNetwork (from `../`)
  - YTKNetwork

SPEC REPOS:
  https://mirrors.tuna.tsinghua.edu.cn/git/CocoaPods/Specs.git:
    - AFNetworking
    - YTKNetwork
    - YYCache_BR

EXTERNAL SOURCES:
  BRNetwork:
    :path: "../"

SPEC CHECKSUMS:
  AFNetworking: 3bd23d814e976cd148d7d44c3ab78017b744cd58
  BRNetwork: 16534be22171ad6a54f178fdb7756711ad619354
  YTKNetwork: c16be90b06be003de9e9cd0d3b187cc8eaf35c04
  YYCache_BR: 89a0e3d3222d27951522a37bb5121f8b786e328b

PODFILE CHECKSUM: c5c80fbac335fe4c0c1556c301f8357a9cedd84b

COCOAPODS: 1.16.2
