PODS:
  - AFNetworking_BR (4.0.2):
    - AFNetworking_BR/NSURLSession (= 4.0.2)
    - AFNetworking_BR/Reachability (= 4.0.2)
    - AFNetworking_BR/Security (= 4.0.2)
    - AFNetworking_BR/Serialization (= 4.0.2)
    - AFNetworking_BR/UIKit (= 4.0.2)
  - AFNetworking_BR/NSURLSession (4.0.2):
    - AFNetworking_BR/Reachability
    - AFNetworking_BR/Security
    - AFNetworking_BR/Serialization
  - AFNetworking_BR/Reachability (4.0.2)
  - AFNetworking_BR/Security (4.0.2)
  - AFNetworking_BR/Serialization (4.0.2)
  - AFNetworking_BR/UIKit (4.0.2):
    - AFNetworking_BR/NSURLSession
  - BRNetwork (2.3.2):
    - BRNetwork/Default (= 2.3.2)
  - BRNetwork/Core (2.3.2):
    - AFNetworking_BR
  - BRNetwork/Default (2.3.2):
    - BRNetwork/SSE
    - BRNetwork/YY
  - BRNetwork/SSE (2.3.2)
  - BRNetwork/YY (2.3.2):
    - BRNetwork/Core
    - YYCache_BR
  - YYCache_BR (1.0.6)

DEPENDENCIES:
  - BRNetwork (from `../`)

SPEC REPOS:
  https://mirrors.tuna.tsinghua.edu.cn/git/CocoaPods/Specs.git:
    - AFNetworking_BR
    - YYCache_BR

EXTERNAL SOURCES:
  BRNetwork:
    :path: "../"

SPEC CHECKSUMS:
  AFNetworking_BR: 3eee6a51beeaf76be9b1250ad5535a717df802a7
  BRNetwork: d2e397bb0aa73533cdca1a38bc093cd45b894ee5
  YYCache_BR: 89a0e3d3222d27951522a37bb5121f8b786e328b

PODFILE CHECKSUM: c63a80a2fdf6f24a84370ed2f708dbd4959798d5

COCOAPODS: 1.16.2
