PODS:
  - AFNetworking (4.0.1):
    - AFNetworking/NSURLSession (= 4.0.1)
    - AFNetworking/Reachability (= 4.0.1)
    - AFNetworking/Security (= 4.0.1)
    - AFNetworking/Serialization (= 4.0.1)
    - AFNetworking/UIKit (= 4.0.1)
  - AFNetworking/NSURLSession (4.0.1):
    - AFNetworking/Reachability
    - AFNetworking/Security
    - AFNetworking/Serialization
  - AFNetworking/Reachability (4.0.1)
  - AFNetworking/Security (4.0.1)
  - AFNetworking/Serialization (4.0.1)
  - AFNetworking/UIKit (4.0.1):
    - AFNetworking/NSURLSession
  - BRNetwork/Cache (2.1.0):
    - BRNetwork/Core
    - YYCache_BR
  - BRNetwork/Core (2.1.0):
    - AFNetworking
  - YTKNetwork (3.0.6):
    - AFNetworking/NSURLSession (~> 4.0)
  - YYCache_BR (1.0.5)

DEPENDENCIES:
  - BRNetwork/Cache (from `../`)
  - YTKNetwork

SPEC REPOS:
  https://mirrors.tuna.tsinghua.edu.cn/git/CocoaPods/Specs.git:
    - AFNetworking
    - YTKNetwork
    - YYCache_BR

EXTERNAL SOURCES:
  BRNetwork:
    :path: "../"

SPEC CHECKSUMS:
  AFNetworking: 3bd23d814e976cd148d7d44c3ab78017b744cd58
  BRNetwork: 01acb84a6b8b27f355af98e4d642703c1abaf39b
  YTKNetwork: c16be90b06be003de9e9cd0d3b187cc8eaf35c04
  YYCache_BR: df8c20d61b17ea1c5f00237b0f5fd56d03cdd803

PODFILE CHECKSUM: 4e7abb4acc2b7bf2497dfdbce15702adca511398

COCOAPODS: 1.16.2
